// !$*UTF8*$!
{
	archiveVersion = 1;
	classes = {
	};
	objectVersion = 77;
	objects = {

/* Begin PBXBuildFile section */
		A62306943060B45100467B7C /* FlyingFox in Frameworks */ = {isa = PBXBuildFile; productRef = A62306933060B45100467B7C /* FlyingFox */; };
		A62306963060B45100467B7C /* FlyingSocks in Frameworks */ = {isa = PBXBuildFile; productRef = A62306953060B45100467B7C /* FlyingSocks */; };
/* End PBXBuildFile section */

/* Begin PBXContainerItemProxy section */
		A6D23778305BBE5400A12732 /* PBXContainerItemProxy */ = {
			isa = PBXContainerItemProxy;
			containerPortal = A6D23762305BBE5300A12732 /* Project object */;
			proxyType = 1;
			remoteGlobalIDString = A6D23769305BBE5300A12732;
			remoteInfo = "voip-ios";
		};
		A6D23782305BBE5400A12732 /* PBXContainerItemProxy */ = {
			isa = PBXContainerItemProxy;
			containerPortal = A6D23762305BBE5300A12732 /* Project object */;
			proxyType = 1;
			remoteGlobalIDString = A6D23769305BBE5300A12732;
			remoteInfo = "voip-ios";
		};
/* End PBXContainerItemProxy section */

/* Begin PBXFileReference section */
		A60009C1305D2679008B8B70 /* voip-ios.xctestplan */ = {isa = PBXFileReference; lastKnownFileType = text; path = "voip-ios.xctestplan"; sourceTree = "<group>"; };
		A6D2376A305BBE5300A12732 /* voip-ios.app */ = {isa = PBXFileReference; explicitFileType = wrapper.application; includeInIndex = 0; path = "voip-ios.app"; sourceTree = BUILT_PRODUCTS_DIR; };
		A6D23777305BBE5400A12732 /* voip-iosTests.xctest */ = {isa = PBXFileReference; explicitFileType = wrapper.cfbundle; includeInIndex = 0; path = "voip-iosTests.xctest"; sourceTree = BUILT_PRODUCTS_DIR; };
		A6D23781305BBE5400A12732 /* voip-iosUITests.xctest */ = {isa = PBXFileReference; explicitFileType = wrapper.cfbundle; includeInIndex = 0; path = "voip-iosUITests.xctest"; sourceTree = BUILT_PRODUCTS_DIR; };
/* End PBXFileReference section */

/* Begin PBXFileSystemSynchronizedBuildFileExceptionSet section */
		A60009C6305D488C008B8B70 /* Exceptions for "voip-ios" folder in "voip-iosTests" target */ = {
			isa = PBXFileSystemSynchronizedBuildFileExceptionSet;
			membershipExceptions = (
				Configurations/AppConfiguration.swift,
			);
			target = A6D23776305BBE5400A12732 /* voip-iosTests */;
		};
/* End PBXFileSystemSynchronizedBuildFileExceptionSet section */

/* Begin PBXFileSystemSynchronizedRootGroup section */
		A6D2376C305BBE5300A12732 /* voip-ios */ = {
			isa = PBXFileSystemSynchronizedRootGroup;
			exceptions = (
				A60009C6305D488C008B8B70 /* Exceptions for "voip-ios" folder in "voip-iosTests" target */,
			);
			path = "voip-ios";
			sourceTree = "<group>";
		};
		A6D2377A305BBE5400A12732 /* voip-iosTests */ = {
			isa = PBXFileSystemSynchronizedRootGroup;
			path = "voip-iosTests";
			sourceTree = "<group>";
		};
		A6D23784305BBE5400A12732 /* voip-iosUITests */ = {
			isa = PBXFileSystemSynchronizedRootGroup;
			path = "voip-iosUITests";
			sourceTree = "<group>";
		};
/* End PBXFileSystemSynchronizedRootGroup section */

/* Begin PBXFrameworksBuildPhase section */
		A6D23767305BBE5300A12732 /* Frameworks */ = {
			isa = PBXFrameworksBuildPhase;
			buildActionMask = 2147483647;
			files = (
			);
			runOnlyForDeploymentPostprocessing = 0;
		};
		A6D23774305BBE5400A12732 /* Frameworks */ = {
			isa = PBXFrameworksBuildPhase;
			buildActionMask = 2147483647;
			files = (
			);
			runOnlyForDeploymentPostprocessing = 0;
		};
		A6D2377E305BBE5400A12732 /* Frameworks */ = {
			isa = PBXFrameworksBuildPhase;
			buildActionMask = 2147483647;
			files = (
				A62306943060B45100467B7C /* FlyingFox in Frameworks */,
				A62306963060B45100467B7C /* FlyingSocks in Frameworks */,
			);
			runOnlyForDeploymentPostprocessing = 0;
		};
/* End PBXFrameworksBuildPhase section */

/* Begin PBXGroup section */
		A6D23761305BBE5300A12732 = {
			isa = PBXGroup;
			children = (
				A60009C1305D2679008B8B70 /* voip-ios.xctestplan */,
				A6D2376C305BBE5300A12732 /* voip-ios */,
				A6D2377A305BBE5400A12732 /* voip-iosTests */,
				A6D23784305BBE5400A12732 /* voip-iosUITests */,
				A6D2376B305BBE5300A12732 /* Products */,
			);
			sourceTree = "<group>";
		};
		A6D2376B305BBE5300A12732 /* Products */ = {
			isa = PBXGroup;
			children = (
				A6D2376A305BBE5300A12732 /* voip-ios.app */,
				A6D23777305BBE5400A12732 /* voip-iosTests.xctest */,
				A6D23781305BBE5400A12732 /* voip-iosUITests.xctest */,
			);
			name = Products;
			sourceTree = "<group>";
		};
/* End PBXGroup section */

/* Begin PBXNativeTarget section */
		A6D23769305BBE5300A12732 /* voip-ios */ = {
			isa = PBXNativeTarget;
			buildConfigurationList = A6D2378B305BBE5400A12732 /* Build configuration list for PBXNativeTarget "voip-ios" */;
			buildPhases = (
				A6D23766305BBE5300A12732 /* Sources */,
				A6D23767305BBE5300A12732 /* Frameworks */,
				A6D23768305BBE5300A12732 /* Resources */,
			);
			buildRules = (
			);
			dependencies = (
			);
			fileSystemSynchronizedGroups = (
				A6D2376C305BBE5300A12732 /* voip-ios */,
			);
			name = "voip-ios";
			packageProductDependencies = (
			);
			productName = "voip-ios";
			productReference = A6D2376A305BBE5300A12732 /* voip-ios.app */;
			productType = "com.apple.product-type.application";
		};
		A6D23776305BBE5400A12732 /* voip-iosTests */ = {
			isa = PBXNativeTarget;
			buildConfigurationList = A6D2378E305BBE5400A12732 /* Build configuration list for PBXNativeTarget "voip-iosTests" */;
			buildPhases = (
				A6D23773305BBE5400A12732 /* Sources */,
				A6D23774305BBE5400A12732 /* Frameworks */,
				A6D23775305BBE5400A12732 /* Resources */,
			);
			buildRules = (
			);
			dependencies = (
				A6D23779305BBE5400A12732 /* PBXTargetDependency */,
			);
			fileSystemSynchronizedGroups = (
				A6D2377A305BBE5400A12732 /* voip-iosTests */,
			);
			name = "voip-iosTests";
			packageProductDependencies = (
			);
			productName = "voip-iosTests";
			productReference = A6D23777305BBE5400A12732 /* voip-iosTests.xctest */;
			productType = "com.apple.product-type.bundle.unit-test";
		};
		A6D23780305BBE5400A12732 /* voip-iosUITests */ = {
			isa = PBXNativeTarget;
			buildConfigurationList = A6D23791305BBE5400A12732 /* Build configuration list for PBXNativeTarget "voip-iosUITests" */;
			buildPhases = (
				A6D2377D305BBE5400A12732 /* Sources */,
				A6D2377E305BBE5400A12732 /* Frameworks */,
				A6D2377F305BBE5400A12732 /* Resources */,
			);
			buildRules = (
			);
			dependencies = (
				A6D23783305BBE5400A12732 /* PBXTargetDependency */,
			);
			fileSystemSynchronizedGroups = (
				A6D23784305BBE5400A12732 /* voip-iosUITests */,
			);
			name = "voip-iosUITests";
			packageProductDependencies = (
				A62306933060B45100467B7C /* FlyingFox */,
				A62306953060B45100467B7C /* FlyingSocks */,
			);
			productName = "voip-iosUITests";
			productReference = A6D23781305BBE5400A12732 /* voip-iosUITests.xctest */;
			productType = "com.apple.product-type.bundle.ui-testing";
		};
/* End PBXNativeTarget section */

/* Begin PBXProject section */
		A6D23762305BBE5300A12732 /* Project object */ = {
			isa = PBXProject;
			attributes = {
				BuildIndependentTargetsInParallel = 1;
				LastSwiftUpdateCheck = 2660;
				LastUpgradeCheck = 2660;
				TargetAttributes = {
					A6D23769305BBE5300A12732 = {
						CreatedOnToolsVersion = 26.6;
					};
					A6D23776305BBE5400A12732 = {
						CreatedOnToolsVersion = 26.6;
						TestTargetID = A6D23769305BBE5300A12732;
					};
					A6D23780305BBE5400A12732 = {
						CreatedOnToolsVersion = 26.6;
						TestTargetID = A6D23769305BBE5300A12732;
					};
				};
			};
			buildConfigurationList = A6D23765305BBE5300A12732 /* Build configuration list for PBXProject "voip-ios" */;
			developmentRegion = en;
			hasScannedForEncodings = 0;
			knownRegions = (
				en,
				Base,
			);
			mainGroup = A6D23761305BBE5300A12732;
			minimizedProjectReferenceProxies = 1;
			packageReferences = (
				A62306923060B45100467B7C /* XCRemoteSwiftPackageReference "FlyingFox" */,
			);
			preferredProjectObjectVersion = 77;
			productRefGroup = A6D2376B305BBE5300A12732 /* Products */;
			projectDirPath = "";
			projectRoot = "";
			targets = (
				A6D23769305BBE5300A12732 /* voip-ios */,
				A6D23776305BBE5400A12732 /* voip-iosTests */,
				A6D23780305BBE5400A12732 /* voip-iosUITests */,
			);
		};
/* End PBXProject section */

/* Begin PBXResourcesBuildPhase section */
		A6D23768305BBE5300A12732 /* Resources */ = {
			isa = PBXResourcesBuildPhase;
			buildActionMask = 2147483647;
			files = (
			);
			runOnlyForDeploymentPostprocessing = 0;
		};
		A6D23775305BBE5400A12732 /* Resources */ = {
			isa = PBXResourcesBuildPhase;
			buildActionMask = 2147483647;
			files = (
			);
			runOnlyForDeploymentPostprocessing = 0;
		};
		A6D2377F305BBE5400A12732 /* Resources */ = {
			isa = PBXResourcesBuildPhase;
			buildActionMask = 2147483647;
			files = (
			);
			runOnlyForDeploymentPostprocessing = 0;
		};
/* End PBXResourcesBuildPhase section */

/* Begin PBXSourcesBuildPhase section */
		A6D23766305BBE5300A12732 /* Sources */ = {
			isa = PBXSourcesBuildPhase;
			buildActionMask = 2147483647;
			files = (
			);
			runOnlyForDeploymentPostprocessing = 0;
		};
		A6D23773305BBE5400A12732 /* Sources */ = {
			isa = PBXSourcesBuildPhase;
			buildActionMask = 2147483647;
			files = (
			);
			runOnlyForDeploymentPostprocessing = 0;
		};
		A6D2377D305BBE5400A12732 /* Sources */ = {
			isa = PBXSourcesBuildPhase;
			buildActionMask = 2147483647;
			files = (
			);
			runOnlyForDeploymentPostprocessing = 0;
		};
/* End PBXSourcesBuildPhase section */

/* Begin PBXTargetDependency section */
		A6D23779305BBE5400A12732 /* PBXTargetDependency */ = {
			isa = PBXTargetDependency;
			target = A6D23769305BBE5300A12732 /* voip-ios */;
			targetProxy = A6D23778305BBE5400A12732 /* PBXContainerItemProxy */;
		};
		A6D23783305BBE5400A12732 /* PBXTargetDependency */ = {
			isa = PBXTargetDependency;
			target = A6D23769305BBE5300A12732 /* voip-ios */;
			targetProxy = A6D23782305BBE5400A12732 /* PBXContainerItemProxy */;
		};
/* End PBXTargetDependency section */

/* Begin XCBuildConfiguration section */
		A6D23789305BBE5400A12732 /* Debug */ = {
			isa = XCBuildConfiguration;
			buildSettings = {
				ALWAYS_SEARCH_USER_PATHS = NO;
				ASSETCATALOG_COMPILER_GENERATE_SWIFT_ASSET_SYMBOL_EXTENSIONS = YES;
				CLANG_ANALYZER_NONNULL = YES;
				CLANG_ANALYZER_NUMBER_OBJECT_CONVERSION = YES_AGGRESSIVE;
				CLANG_CXX_LANGUAGE_STANDARD = "gnu++20";
				CLANG_ENABLE_MODULES = YES;
				CLANG_ENABLE_OBJC_ARC = YES;
				CLANG_ENABLE_OBJC_WEAK = YES;
				CLANG_WARN_BLOCK_CAPTURE_AUTORELEASING = YES;
				CLANG_WARN_BOOL_CONVERSION = YES;
				CLANG_WARN_COMMA = YES;
				CLANG_WARN_CONSTANT_CONVERSION = YES;
				CLANG_WARN_DEPRECATED_OBJC_IMPLEMENTATIONS = YES;
				CLANG_WARN_DIRECT_OBJC_ISA_USAGE = YES_ERROR;
				CLANG_WARN_DOCUMENTATION_COMMENTS = YES;
				CLANG_WARN_EMPTY_BODY = YES;
				CLANG_WARN_ENUM_CONVERSION = YES;
				CLANG_WARN_INFINITE_RECURSION = YES;
				CLANG_WARN_INT_CONVERSION = YES;
				CLANG_WARN_NON_LITERAL_NULL_CONVERSION = YES;
				CLANG_WARN_OBJC_IMPLICIT_RETAIN_SELF = YES;
				CLANG_WARN_OBJC_LITERAL_CONVERSION = YES;
				CLANG_WARN_OBJC_ROOT_CLASS = YES_ERROR;
				CLANG_WARN_QUOTED_INCLUDE_IN_FRAMEWORK_HEADER = YES;
				CLANG_WARN_RANGE_LOOP_ANALYSIS = YES;
				CLANG_WARN_STRICT_PROTOTYPES = YES;
				CLANG_WARN_SUSPICIOUS_MOVE = YES;
				CLANG_WARN_UNGUARDED_AVAILABILITY = YES_AGGRESSIVE;
				CLANG_WARN_UNREACHABLE_CODE = YES;
				CLANG_WARN__DUPLICATE_METHOD_MATCH = YES;
				COPY_PHASE_STRIP = NO;
				DEBUG_INFORMATION_FORMAT = dwarf;
				DEVELOPMENT_TEAM = Z6H5892327;
				ENABLE_STRICT_OBJC_MSGSEND = YES;
				ENABLE_TESTABILITY = YES;
				ENABLE_USER_SCRIPT_SANDBOXING = YES;
				GCC_C_LANGUAGE_STANDARD = gnu17;
				GCC_DYNAMIC_NO_PIC = NO;
				GCC_NO_COMMON_BLOCKS = YES;
				GCC_OPTIMIZATION_LEVEL = 0;
				GCC_PREPROCESSOR_DEFINITIONS = (
					"DEBUG=1",
					"$(inherited)",
				);
				GCC_WARN_64_TO_32_BIT_CONVERSION = YES;
				GCC_WARN_ABOUT_RETURN_TYPE = YES_ERROR;
				GCC_WARN_UNDECLARED_SELECTOR = YES;
				GCC_WARN_UNINITIALIZED_AUTOS = YES_AGGRESSIVE;
				GCC_WARN_UNUSED_FUNCTION = YES;
				GCC_WARN_UNUSED_VARIABLE = YES;
				IPHONEOS_DEPLOYMENT_TARGET = 26.5;
				LOCALIZATION_PREFERS_STRING_CATALOGS = YES;
				MTL_ENABLE_DEBUG_INFO = INCLUDE_SOURCE;
				MTL_FAST_MATH = YES;
				ONLY_ACTIVE_ARCH = YES;
				SDKROOT = iphoneos;
				SWIFT_ACTIVE_COMPILATION_CONDITIONS = "DEBUG $(inherited)";
				SWIFT_OPTIMIZATION_LEVEL = "-Onone";
			};
			name = Debug;
		};
		A6D2378A305BBE5400A12732 /* Release */ = {
			isa = XCBuildConfiguration;
			buildSettings = {
				ALWAYS_SEARCH_USER_PATHS = NO;
				ASSETCATALOG_COMPILER_GENERATE_SWIFT_ASSET_SYMBOL_EXTENSIONS = YES;
				CLANG_ANALYZER_NONNULL = YES;
				CLANG_ANALYZER_NUMBER_OBJECT_CONVERSION = YES_AGGRESSIVE;
				CLANG_CXX_LANGUAGE_STANDARD = "gnu++20";
				CLANG_ENABLE_MODULES = YES;
				CLANG_ENABLE_OBJC_ARC = YES;
				CLANG_ENABLE_OBJC_WEAK = YES;
				CLANG_WARN_BLOCK_CAPTURE_AUTORELEASING = YES;
				CLANG_WARN_BOOL_CONVERSION = YES;
				CLANG_WARN_COMMA = YES;
				CLANG_WARN_CONSTANT_CONVERSION = YES;
				CLANG_WARN_DEPRECATED_OBJC_IMPLEMENTATIONS = YES;
				CLANG_WARN_DIRECT_OBJC_ISA_USAGE = YES_ERROR;
				CLANG_WARN_DOCUMENTATION_COMMENTS = YES;
				CLANG_WARN_EMPTY_BODY = YES;
				CLANG_WARN_ENUM_CONVERSION = YES;
				CLANG_WARN_INFINITE_RECURSION = YES;
				CLANG_WARN_INT_CONVERSION = YES;
				CLANG_WARN_NON_LITERAL_NULL_CONVERSION = YES;
				CLANG_WARN_OBJC_IMPLICIT_RETAIN_SELF = YES;
				CLANG_WARN_OBJC_LITERAL_CONVERSION = YES;
				CLANG_WARN_OBJC_ROOT_CLASS = YES_ERROR;
				CLANG_WARN_QUOTED_INCLUDE_IN_FRAMEWORK_HEADER = YES;
				CLANG_WARN_RANGE_LOOP_ANALYSIS = YES;
				CLANG_WARN_STRICT_PROTOTYPES = YES;
				CLANG_WARN_SUSPICIOUS_MOVE = YES;
				CLANG_WARN_UNGUARDED_AVAILABILITY = YES_AGGRESSIVE;
				CLANG_WARN_UNREACHABLE_CODE = YES;
				CLANG_WARN__DUPLICATE_METHOD_MATCH = YES;
				COPY_PHASE_STRIP = NO;
				DEBUG_INFORMATION_FORMAT = "dwarf-with-dsym";
				DEVELOPMENT_TEAM = Z6H5892327;
				ENABLE_NS_ASSERTIONS = NO;
				ENABLE_STRICT_OBJC_MSGSEND = YES;
				ENABLE_USER_SCRIPT_SANDBOXING = YES;
				GCC_C_LANGUAGE_STANDARD = gnu17;
				GCC_NO_COMMON_BLOCKS = YES;
				GCC_WARN_64_TO_32_BIT_CONVERSION = YES;
				GCC_WARN_ABOUT_RETURN_TYPE = YES_ERROR;
				GCC_WARN_UNDECLARED_SELECTOR = YES;
				GCC_WARN_UNINITIALIZED_AUTOS = YES_AGGRESSIVE;
				GCC_WARN_UNUSED_FUNCTION = YES;
				GCC_WARN_UNUSED_VARIABLE = YES;
				IPHONEOS_DEPLOYMENT_TARGET = 26.5;
				LOCALIZATION_PREFERS_STRING_CATALOGS = YES;
				MTL_ENABLE_DEBUG_INFO = NO;
				MTL_FAST_MATH = YES;
				SDKROOT = iphoneos;
				SWIFT_COMPILATION_MODE = wholemodule;
				VALIDATE_PRODUCT = YES;
			};
			name = Release;
		};
		A6D2378C305BBE5400A12732 /* Debug */ = {
			isa = XCBuildConfiguration;
			buildSettings = {
				ASSETCATALOG_COMPILER_APPICON_NAME = AppIcon;
				ASSETCATALOG_COMPILER_GLOBAL_ACCENT_COLOR_NAME = AccentColor;
				CODE_SIGN_STYLE = Automatic;
				CURRENT_PROJECT_VERSION = 1;
				DEVELOPMENT_TEAM = Z6H5892327;
				ENABLE_PREVIEWS = YES;
				GENERATE_INFOPLIST_FILE = YES;
				INFOPLIST_KEY_UIApplicationSceneManifest_Generation = YES;
				INFOPLIST_KEY_UIApplicationSupportsIndirectInputEvents = YES;
				INFOPLIST_KEY_UILaunchScreen_Generation = YES;
				INFOPLIST_KEY_UISupportedInterfaceOrientations_iPad = "UIInterfaceOrientationPortrait UIInterfaceOrientationPortraitUpsideDown UIInterfaceOrientationLandscapeLeft UIInterfaceOrientationLandscapeRight";
				INFOPLIST_KEY_UISupportedInterfaceOrientations_iPhone = "UIInterfaceOrientationPortrait UIInterfaceOrientationLandscapeLeft UIInterfaceOrientationLandscapeRight";
				LD_RUNPATH_SEARCH_PATHS = (
					"$(inherited)",
					"@executable_path/Frameworks",
				);
				MARKETING_VERSION = 1.0;
				PRODUCT_BUNDLE_IDENTIFIER = "junhyunny.voip-ios";
				PRODUCT_NAME = "$(TARGET_NAME)";
				STRING_CATALOG_GENERATE_SYMBOLS = YES;
				SWIFT_APPROACHABLE_CONCURRENCY = YES;
				SWIFT_DEFAULT_ACTOR_ISOLATION = MainActor;
				SWIFT_EMIT_LOC_STRINGS = YES;
				SWIFT_UPCOMING_FEATURE_MEMBER_IMPORT_VISIBILITY = YES;
				SWIFT_VERSION = 5.0;
				TARGETED_DEVICE_FAMILY = "1,2";
			};
			name = Debug;
		};
		A6D2378D305BBE5400A12732 /* Release */ = {
			isa = XCBuildConfiguration;
			buildSettings = {
				ASSETCATALOG_COMPILER_APPICON_NAME = AppIcon;
				ASSETCATALOG_COMPILER_GLOBAL_ACCENT_COLOR_NAME = AccentColor;
				CODE_SIGN_STYLE = Automatic;
				CURRENT_PROJECT_VERSION = 1;
				DEVELOPMENT_TEAM = Z6H5892327;
				ENABLE_PREVIEWS = YES;
				GENERATE_INFOPLIST_FILE = YES;
				INFOPLIST_KEY_UIApplicationSceneManifest_Generation = YES;
				INFOPLIST_KEY_UIApplicationSupportsIndirectInputEvents = YES;
				INFOPLIST_KEY_UILaunchScreen_Generation = YES;
				INFOPLIST_KEY_UISupportedInterfaceOrientations_iPad = "UIInterfaceOrientationPortrait UIInterfaceOrientationPortraitUpsideDown UIInterfaceOrientationLandscapeLeft UIInterfaceOrientationLandscapeRight";
				INFOPLIST_KEY_UISupportedInterfaceOrientations_iPhone = "UIInterfaceOrientationPortrait UIInterfaceOrientationLandscapeLeft UIInterfaceOrientationLandscapeRight";
				LD_RUNPATH_SEARCH_PATHS = (
					"$(inherited)",
					"@executable_path/Frameworks",
				);
				MARKETING_VERSION = 1.0;
				PRODUCT_BUNDLE_IDENTIFIER = "junhyunny.voip-ios";
				PRODUCT_NAME = "$(TARGET_NAME)";
				STRING_CATALOG_GENERATE_SYMBOLS = YES;
				SWIFT_APPROACHABLE_CONCURRENCY = YES;
				SWIFT_DEFAULT_ACTOR_ISOLATION = MainActor;
				SWIFT_EMIT_LOC_STRINGS = YES;
				SWIFT_UPCOMING_FEATURE_MEMBER_IMPORT_VISIBILITY = YES;
				SWIFT_VERSION = 5.0;
				TARGETED_DEVICE_FAMILY = "1,2";
			};
			name = Release;
		};
		A6D2378F305BBE5400A12732 /* Debug */ = {
			isa = XCBuildConfiguration;
			buildSettings = {
				BUNDLE_LOADER = "$(TEST_HOST)";
				CODE_SIGN_STYLE = Automatic;
				CURRENT_PROJECT_VERSION = 1;
				DEVELOPMENT_TEAM = Z6H5892327;
				GENERATE_INFOPLIST_FILE = YES;
				IPHONEOS_DEPLOYMENT_TARGET = 26.5;
				MARKETING_VERSION = 1.0;
				PRODUCT_BUNDLE_IDENTIFIER = "junhyunny.voip-iosTests";
				PRODUCT_NAME = "$(TARGET_NAME)";
				STRING_CATALOG_GENERATE_SYMBOLS = NO;
				SWIFT_APPROACHABLE_CONCURRENCY = YES;
				SWIFT_EMIT_LOC_STRINGS = NO;
				SWIFT_UPCOMING_FEATURE_MEMBER_IMPORT_VISIBILITY = YES;
				SWIFT_VERSION = 5.0;
				TARGETED_DEVICE_FAMILY = "1,2";
				TEST_HOST = "$(BUILT_PRODUCTS_DIR)/voip-ios.app/$(BUNDLE_EXECUTABLE_FOLDER_PATH)/voip-ios";
			};
			name = Debug;
		};
		A6D23790305BBE5400A12732 /* Release */ = {
			isa = XCBuildConfiguration;
			buildSettings = {
				BUNDLE_LOADER = "$(TEST_HOST)";
				CODE_SIGN_STYLE = Automatic;
				CURRENT_PROJECT_VERSION = 1;
				DEVELOPMENT_TEAM = Z6H5892327;
				GENERATE_INFOPLIST_FILE = YES;
				IPHONEOS_DEPLOYMENT_TARGET = 26.5;
				MARKETING_VERSION = 1.0;
				PRODUCT_BUNDLE_IDENTIFIER = "junhyunny.voip-iosTests";
				PRODUCT_NAME = "$(TARGET_NAME)";
				STRING_CATALOG_GENERATE_SYMBOLS = NO;
				SWIFT_APPROACHABLE_CONCURRENCY = YES;
				SWIFT_EMIT_LOC_STRINGS = NO;
				SWIFT_UPCOMING_FEATURE_MEMBER_IMPORT_VISIBILITY = YES;
				SWIFT_VERSION = 5.0;
				TARGETED_DEVICE_FAMILY = "1,2";
				TEST_HOST = "$(BUILT_PRODUCTS_DIR)/voip-ios.app/$(BUNDLE_EXECUTABLE_FOLDER_PATH)/voip-ios";
			};
			name = Release;
		};
		A6D23792305BBE5400A12732 /* Debug */ = {
			isa = XCBuildConfiguration;
			buildSettings = {
				CODE_SIGN_STYLE = Automatic;
				CURRENT_PROJECT_VERSION = 1;
				DEVELOPMENT_TEAM = Z6H5892327;
				GENERATE_INFOPLIST_FILE = YES;
				MARKETING_VERSION = 1.0;
				PRODUCT_BUNDLE_IDENTIFIER = "junhyunny.voip-iosUITests";
				PRODUCT_NAME = "$(TARGET_NAME)";
				STRING_CATALOG_GENERATE_SYMBOLS = NO;
				SWIFT_APPROACHABLE_CONCURRENCY = YES;
				SWIFT_EMIT_LOC_STRINGS = NO;
				SWIFT_UPCOMING_FEATURE_MEMBER_IMPORT_VISIBILITY = YES;
				SWIFT_VERSION = 5.0;
				TARGETED_DEVICE_FAMILY = "1,2";
				TEST_TARGET_NAME = "voip-ios";
			};
			name = Debug;
		};
		A6D23793305BBE5400A12732 /* Release */ = {
			isa = XCBuildConfiguration;
			buildSettings = {
				CODE_SIGN_STYLE = Automatic;
				CURRENT_PROJECT_VERSION = 1;
				DEVELOPMENT_TEAM = Z6H5892327;
				GENERATE_INFOPLIST_FILE = YES;
				MARKETING_VERSION = 1.0;
				PRODUCT_BUNDLE_IDENTIFIER = "junhyunny.voip-iosUITests";
				PRODUCT_NAME = "$(TARGET_NAME)";
				STRING_CATALOG_GENERATE_SYMBOLS = NO;
				SWIFT_APPROACHABLE_CONCURRENCY = YES;
				SWIFT_EMIT_LOC_STRINGS = NO;
				SWIFT_UPCOMING_FEATURE_MEMBER_IMPORT_VISIBILITY = YES;
				SWIFT_VERSION = 5.0;
				TARGETED_DEVICE_FAMILY = "1,2";
				TEST_TARGET_NAME = "voip-ios";
			};
			name = Release;
		};
/* End XCBuildConfiguration section */

/* Begin XCConfigurationList section */
		A6D23765305BBE5300A12732 /* Build configuration list for PBXProject "voip-ios" */ = {
			isa = XCConfigurationList;
			buildConfigurations = (
				A6D23789305BBE5400A12732 /* Debug */,
				A6D2378A305BBE5400A12732 /* Release */,
			);
			defaultConfigurationIsVisible = 0;
			defaultConfigurationName = Release;
		};
		A6D2378B305BBE5400A12732 /* Build configuration list for PBXNativeTarget "voip-ios" */ = {
			isa = XCConfigurationList;
			buildConfigurations = (
				A6D2378C305BBE5400A12732 /* Debug */,
				A6D2378D305BBE5400A12732 /* Release */,
			);
			defaultConfigurationIsVisible = 0;
			defaultConfigurationName = Release;
		};
		A6D2378E305BBE5400A12732 /* Build configuration list for PBXNativeTarget "voip-iosTests" */ = {
			isa = XCConfigurationList;
			buildConfigurations = (
				A6D2378F305BBE5400A12732 /* Debug */,
				A6D23790305BBE5400A12732 /* Release */,
			);
			defaultConfigurationIsVisible = 0;
			defaultConfigurationName = Release;
		};
		A6D23791305BBE5400A12732 /* Build configuration list for PBXNativeTarget "voip-iosUITests" */ = {
			isa = XCConfigurationList;
			buildConfigurations = (
				A6D23792305BBE5400A12732 /* Debug */,
				A6D23793305BBE5400A12732 /* Release */,
			);
			defaultConfigurationIsVisible = 0;
			defaultConfigurationName = Release;
		};
/* End XCConfigurationList section */

/* Begin XCRemoteSwiftPackageReference section */
		A62306923060B45100467B7C /* XCRemoteSwiftPackageReference "FlyingFox" */ = {
			isa = XCRemoteSwiftPackageReference;
			repositoryURL = "https://github.com/swhitty/FlyingFox.git";
			requirement = {
				kind = upToNextMajorVersion;
				minimumVersion = 0.27.1;
			};
		};
/* End XCRemoteSwiftPackageReference section */

/* Begin XCSwiftPackageProductDependency section */
		A62306933060B45100467B7C /* FlyingFox */ = {
			isa = XCSwiftPackageProductDependency;
			package = A62306923060B45100467B7C /* XCRemoteSwiftPackageReference "FlyingFox" */;
			productName = FlyingFox;
		};
		A62306953060B45100467B7C /* FlyingSocks */ = {
			isa = XCSwiftPackageProductDependency;
			package = A62306923060B45100467B7C /* XCRemoteSwiftPackageReference "FlyingFox" */;
			productName = FlyingSocks;
		};
/* End XCSwiftPackageProductDependency section */
	};
	rootObject = A6D23762305BBE5300A12732 /* Project object */;
}
